// !$*UTF8*$!
{
	archiveVersion = 1;
	classes = {
	};
	objectVersion = 60;
	objects = {

/* Begin PBXBuildFile section */
		83687F522B9F7C0A0070DDF9 /* ServiceRegistery.swift in Sources */ = {isa = PBXBuildFile; fileRef = 83687F512B9F7C0A0070DDF9 /* ServiceRegistery.swift */; };
		837385D62B9F7F9E00EB2946 /* MyLib_Wiring in Frameworks */ = {isa = PBXBuildFile; productRef = 837385D52B9F7F9E00EB2946 /* MyLib_Wiring */; };
		837385DD2B9FA07700EB2946 /* CoreLibrary in Frameworks */ = {isa = PBXBuildFile; productRef = 837385DC2B9FA07700EB2946 /* CoreLibrary */; };
		839167B72B9F262D00F7C98B /* AppDelegate.swift in Sources */ = {isa = PBXBuildFile; fileRef = 839167B62B9F262D00F7C98B /* AppDelegate.swift */; };
		839167B92B9F262D00F7C98B /* SceneDelegate.swift in Sources */ = {isa = PBXBuildFile; fileRef = 839167B82B9F262D00F7C98B /* SceneDelegate.swift */; };
		839167BB2B9F262D00F7C98B /* ViewController.swift in Sources */ = {isa = PBXBuildFile; fileRef = 839167BA2B9F262D00F7C98B /* ViewController.swift */; };
		839167BE2B9F262D00F7C98B /* Base in Resources */ = {isa = PBXBuildFile; fileRef = 839167BD2B9F262D00F7C98B /* Base */; };
		839167C02B9F262E00F7C98B /* Assets.xcassets in Resources */ = {isa = PBXBuildFile; fileRef = 839167BF2B9F262E00F7C98B /* Assets.xcassets */; };
		839167C32B9F262E00F7C98B /* Base in Resources */ = {isa = PBXBuildFile; fileRef = 839167C22B9F262E00F7C98B /* Base */; };
		839167CC2B9F267D00F7C98B /* MyLibrary in Frameworks */ = {isa = PBXBuildFile; productRef = 839167CB2B9F267D00F7C98B /* MyLibrary */; };
		83E35C4B2B9FA102008EB138 /* CoreLibrary_Wiring in Frameworks */ = {isa = PBXBuildFile; productRef = 83E35C4A2B9FA102008EB138 /* CoreLibrary_Wiring */; };
/* End PBXBuildFile section */

/* Begin PBXFileReference section */
		83687F512B9F7C0A0070DDF9 /* ServiceRegistery.swift */ = {isa = PBXFileReference; lastKnownFileType = sourcecode.swift; path = ServiceRegistery.swift; sourceTree = "<group>"; };
		839167B32B9F262D00F7C98B /* Dependency.app */ = {isa = PBXFileReference; explicitFileType = wrapper.application; includeInIndex = 0; path = Dependency.app; sourceTree = BUILT_PRODUCTS_DIR; };
		839167B62B9F262D00F7C98B /* AppDelegate.swift */ = {isa = PBXFileReference; lastKnownFileType = sourcecode.swift; path = AppDelegate.swift; sourceTree = "<group>"; };
		839167B82B9F262D00F7C98B /* SceneDelegate.swift */ = {isa = PBXFileReference; lastKnownFileType = sourcecode.swift; path = SceneDelegate.swift; sourceTree = "<group>"; };
		839167BA2B9F262D00F7C98B /* ViewController.swift */ = {isa = PBXFileReference; lastKnownFileType = sourcecode.swift; path = ViewController.swift; sourceTree = "<group>"; };
		839167BD2B9F262D00F7C98B /* Base */ = {isa = PBXFileReference; lastKnownFileType = file.storyboard; name = Base; path = Base.lproj/Main.storyboard; sourceTree = "<group>"; };
		839167BF2B9F262E00F7C98B /* Assets.xcassets */ = {isa = PBXFileReference; lastKnownFileType = folder.assetcatalog; path = Assets.xcassets; sourceTree = "<group>"; };
		839167C22B9F262E00F7C98B /* Base */ = {isa = PBXFileReference; lastKnownFileType = file.storyboard; name = Base; path = Base.lproj/LaunchScreen.storyboard; sourceTree = "<group>"; };
		839167C42B9F262E00F7C98B /* Info.plist */ = {isa = PBXFileReference; lastKnownFileType = text.plist.xml; path = Info.plist; sourceTree = "<group>"; };
/* End PBXFileReference section */

/* Begin PBXFrameworksBuildPhase section */
		839167B02B9F262D00F7C98B /* Frameworks */ = {
			isa = PBXFrameworksBuildPhase;
			buildActionMask = 2147483647;
			files = (
				837385D62B9F7F9E00EB2946 /* MyLib_Wiring in Frameworks */,
				837385DD2B9FA07700EB2946 /* CoreLibrary in Frameworks */,
				839167CC2B9F267D00F7C98B /* MyLibrary in Frameworks */,
				83E35C4B2B9FA102008EB138 /* CoreLibrary_Wiring in Frameworks */,
			);
			runOnlyForDeploymentPostprocessing = 0;
		};
/* End PBXFrameworksBuildPhase section */

/* Begin PBXGroup section */
		839167AA2B9F262D00F7C98B = {
			isa = PBXGroup;
			children = (
				839167B52B9F262D00F7C98B /* Dependency */,
				839167B42B9F262D00F7C98B /* Products */,
				92D5FD372B9F2E8300EE76C2 /* Frameworks */,
			);
			sourceTree = "<group>";
		};
		839167B42B9F262D00F7C98B /* Products */ = {
			isa = PBXGroup;
			children = (
				839167B32B9F262D00F7C98B /* Dependency.app */,
			);
			name = Products;
			sourceTree = "<group>";
		};
		839167B52B9F262D00F7C98B /* Dependency */ = {
			isa = PBXGroup;
			children = (
				83687F512B9F7C0A0070DDF9 /* ServiceRegistery.swift */,
				839167B62B9F262D00F7C98B /* AppDelegate.swift */,
				839167B82B9F262D00F7C98B /* SceneDelegate.swift */,
				839167BA2B9F262D00F7C98B /* ViewController.swift */,
				839167BC2B9F262D00F7C98B /* Main.storyboard */,
				839167BF2B9F262E00F7C98B /* Assets.xcassets */,
				839167C12B9F262E00F7C98B /* LaunchScreen.storyboard */,
				839167C42B9F262E00F7C98B /* Info.plist */,
			);
			path = Dependency;
			sourceTree = "<group>";
		};
		92D5FD372B9F2E8300EE76C2 /* Frameworks */ = {
			isa = PBXGroup;
			children = (
			);
			name = Frameworks;
			sourceTree = "<group>";
		};
/* End PBXGroup section */

/* Begin PBXNativeTarget section */
		839167B22B9F262D00F7C98B /* Dependency */ = {
			isa = PBXNativeTarget;
			buildConfigurationList = 839167C72B9F262E00F7C98B /* Build configuration list for PBXNativeTarget "Dependency" */;
			buildPhases = (
				837385D72B9F842F00EB2946 /* Register Services */,
				839167AF2B9F262D00F7C98B /* Sources */,
				839167B02B9F262D00F7C98B /* Frameworks */,
				839167B12B9F262D00F7C98B /* Resources */,
			);
			buildRules = (
			);
			dependencies = (
			);
			name = Dependency;
			packageProductDependencies = (
				839167CB2B9F267D00F7C98B /* MyLibrary */,
				837385D52B9F7F9E00EB2946 /* MyLib_Wiring */,
				837385DC2B9FA07700EB2946 /* CoreLibrary */,
				83E35C4A2B9FA102008EB138 /* CoreLibrary_Wiring */,
			);
			productName = Dependency;
			productReference = 839167B32B9F262D00F7C98B /* Dependency.app */;
			productType = "com.apple.product-type.application";
		};
/* End PBXNativeTarget section */

/* Begin PBXProject section */
		839167AB2B9F262D00F7C98B /* Project object */ = {
			isa = PBXProject;
			attributes = {
				BuildIndependentTargetsInParallel = 1;
				LastSwiftUpdateCheck = 1530;
				LastUpgradeCheck = 1530;
				TargetAttributes = {
					839167B22B9F262D00F7C98B = {
						CreatedOnToolsVersion = 15.3;
					};
				};
			};
			buildConfigurationList = 839167AE2B9F262D00F7C98B /* Build configuration list for PBXProject "Dependency" */;
			compatibilityVersion = "Xcode 14.0";
			developmentRegion = en;
			hasScannedForEncodings = 0;
			knownRegions = (
				en,
				Base,
			);
			mainGroup = 839167AA2B9F262D00F7C98B;
			packageReferences = (
				92F132122B9F28C90056C002 /* XCLocalSwiftPackageReference "MyLibrary" */,
				837385D92B9F9C1D00EB2946 /* XCLocalSwiftPackageReference "CoreLibrary" */,
			);
			productRefGroup = 839167B42B9F262D00F7C98B /* Products */;
			projectDirPath = "";
			projectRoot = "";
			targets = (
				839167B22B9F262D00F7C98B /* Dependency */,
			);
		};
/* End PBXProject section */

/* Begin PBXResourcesBuildPhase section */
		839167B12B9F262D00F7C98B /* Resources */ = {
			isa = PBXResourcesBuildPhase;
			buildActionMask = 2147483647;
			files = (
				839167C02B9F262E00F7C98B /* Assets.xcassets in Resources */,
				839167C32B9F262E00F7C98B /* Base in Resources */,
				839167BE2B9F262D00F7C98B /* Base in Resources */,
			);
			runOnlyForDeploymentPostprocessing = 0;
		};
/* End PBXResourcesBuildPhase section */

/* Begin PBXShellScriptBuildPhase section */
		837385D72B9F842F00EB2946 /* Register Services */ = {
			isa = PBXShellScriptBuildPhase;
			alwaysOutOfDate = 1;
			buildActionMask = 2147483647;
			files = (
			);
			inputFileListPaths = (
			);
			inputPaths = (
			);
			name = "Register Services";
			outputFileListPaths = (
			);
			outputPaths = (
			);
			runOnlyForDeploymentPostprocessing = 0;
			shellPath = /bin/bash;
			shellScript = "echo \"import Factory\" > $SRCROOT/Dependency/ServiceRegistery.swift\ngrep --exclude-dir=Dependency.xcodeproj -rno $SRCROOT -e \"var \\(.*\\): Factory<\\(.*\\)>\" | sed -E \"s/^(.*)var (.*): Factory<(.*)>/import \\3_Wiring/g\" >> $SRCROOT/Dependency/ServiceRegistery.swift\necho \"\" >> $SRCROOT/Dependency/ServiceRegistery.swift\necho \"extension Container {\" >> $SRCROOT/Dependency/ServiceRegistery.swift\necho \"    func registerDependencies() {\" >> ./Dependency/ServiceRegistery.swift\ngrep --exclude-dir=Dependency.xcodeproj -rno $SRCROOT -e \"var \\(.*\\): Factory<\\(.*\\)>\" | sed -E \"s/^(.*)var (.*): Factory<(.*)>/        \\2.register(factory: \\3_Wiring.build)/g\" >> ./Dependency/ServiceRegistery.swift\necho \"    }\" >> ./Dependency/ServiceRegistery.swift\necho \"}\" >> ./Dependency/ServiceRegistery.swift\n";
		};
/* End PBXShellScriptBuildPhase section */

/* Begin PBXSourcesBuildPhase section */
		839167AF2B9F262D00F7C98B /* Sources */ = {
			isa = PBXSourcesBuildPhase;
			buildActionMask = 2147483647;
			files = (
				83687F522B9F7C0A0070DDF9 /* ServiceRegistery.swift in Sources */,
				839167BB2B9F262D00F7C98B /* ViewController.swift in Sources */,
				839167B72B9F262D00F7C98B /* AppDelegate.swift in Sources */,
				839167B92B9F262D00F7C98B /* SceneDelegate.swift in Sources */,
			);
			runOnlyForDeploymentPostprocessing = 0;
		};
/* End PBXSourcesBuildPhase section */

/* Begin PBXVariantGroup section */
		839167BC2B9F262D00F7C98B /* Main.storyboard */ = {
			isa = PBXVariantGroup;
			children = (
				839167BD2B9F262D00F7C98B /* Base */,
			);
			name = Main.storyboard;
			sourceTree = "<group>";
		};
		839167C12B9F262E00F7C98B /* LaunchScreen.storyboard */ = {
			isa = PBXVariantGroup;
			children = (
				839167C22B9F262E00F7C98B /* Base */,
			);
			name = LaunchScreen.storyboard;
			sourceTree = "<group>";
		};
/* End PBXVariantGroup section */

/* Begin XCBuildConfiguration section */
		839167C52B9F262E00F7C98B /* Debug */ = {
			isa = XCBuildConfiguration;
			buildSettings = {
				ALWAYS_SEARCH_USER_PATHS = NO;
				ASSETCATALOG_COMPILER_GENERATE_SWIFT_ASSET_SYMBOL_EXTENSIONS = YES;
				CLANG_ANALYZER_NONNULL = YES;
				CLANG_ANALYZER_NUMBER_OBJECT_CONVERSION = YES_AGGRESSIVE;
				CLANG_CXX_LANGUAGE_STANDARD = "gnu++20";
				CLANG_ENABLE_MODULES = YES;
				CLANG_ENABLE_OBJC_ARC = YES;
				CLANG_ENABLE_OBJC_WEAK = YES;
				CLANG_WARN_BLOCK_CAPTURE_AUTORELEASING = YES;
				CLANG_WARN_BOOL_CONVERSION = YES;
				CLANG_WARN_COMMA = YES;
				CLANG_WARN_CONSTANT_CONVERSION = YES;
				CLANG_WARN_DEPRECATED_OBJC_IMPLEMENTATIONS = YES;
				CLANG_WARN_DIRECT_OBJC_ISA_USAGE = YES_ERROR;
				CLANG_WARN_DOCUMENTATION_COMMENTS = YES;
				CLANG_WARN_EMPTY_BODY = YES;
				CLANG_WARN_ENUM_CONVERSION = YES;
				CLANG_WARN_INFINITE_RECURSION = YES;
				CLANG_WARN_INT_CONVERSION = YES;
				CLANG_WARN_NON_LITERAL_NULL_CONVERSION = YES;
				CLANG_WARN_OBJC_IMPLICIT_RETAIN_SELF = YES;
				CLANG_WARN_OBJC_LITERAL_CONVERSION = YES;
				CLANG_WARN_OBJC_ROOT_CLASS = YES_ERROR;
				CLANG_WARN_QUOTED_INCLUDE_IN_FRAMEWORK_HEADER = YES;
				CLANG_WARN_RANGE_LOOP_ANALYSIS = YES;
				CLANG_WARN_STRICT_PROTOTYPES = YES;
				CLANG_WARN_SUSPICIOUS_MOVE = YES;
				CLANG_WARN_UNGUARDED_AVAILABILITY = YES_AGGRESSIVE;
				CLANG_WARN_UNREACHABLE_CODE = YES;
				CLANG_WARN__DUPLICATE_METHOD_MATCH = YES;
				COPY_PHASE_STRIP = NO;
				DEBUG_INFORMATION_FORMAT = dwarf;
				ENABLE_STRICT_OBJC_MSGSEND = YES;
				ENABLE_TESTABILITY = YES;
				ENABLE_USER_SCRIPT_SANDBOXING = YES;
				GCC_C_LANGUAGE_STANDARD = gnu17;
				GCC_DYNAMIC_NO_PIC = NO;
				GCC_NO_COMMON_BLOCKS = YES;
				GCC_OPTIMIZATION_LEVEL = 0;
				GCC_PREPROCESSOR_DEFINITIONS = (
					"DEBUG=1",
					"$(inherited)",
				);
				GCC_WARN_64_TO_32_BIT_CONVERSION = YES;
				GCC_WARN_ABOUT_RETURN_TYPE = YES_ERROR;
				GCC_WARN_UNDECLARED_SELECTOR = YES;
				GCC_WARN_UNINITIALIZED_AUTOS = YES_AGGRESSIVE;
				GCC_WARN_UNUSED_FUNCTION = YES;
				GCC_WARN_UNUSED_VARIABLE = YES;
				IPHONEOS_DEPLOYMENT_TARGET = 17.4;
				LOCALIZATION_PREFERS_STRING_CATALOGS = YES;
				MTL_ENABLE_DEBUG_INFO = INCLUDE_SOURCE;
				MTL_FAST_MATH = YES;
				ONLY_ACTIVE_ARCH = YES;
				SDKROOT = iphoneos;
				SWIFT_ACTIVE_COMPILATION_CONDITIONS = "DEBUG $(inherited)";
				SWIFT_OPTIMIZATION_LEVEL = "-Onone";
			};
			name = Debug;
		};
		839167C62B9F262E00F7C98B /* Release */ = {
			isa = XCBuildConfiguration;
			buildSettings = {
				ALWAYS_SEARCH_USER_PATHS = NO;
				ASSETCATALOG_COMPILER_GENERATE_SWIFT_ASSET_SYMBOL_EXTENSIONS = YES;
				CLANG_ANALYZER_NONNULL = YES;
				CLANG_ANALYZER_NUMBER_OBJECT_CONVERSION = YES_AGGRESSIVE;
				CLANG_CXX_LANGUAGE_STANDARD = "gnu++20";
				CLANG_ENABLE_MODULES = YES;
				CLANG_ENABLE_OBJC_ARC = YES;
				CLANG_ENABLE_OBJC_WEAK = YES;
				CLANG_WARN_BLOCK_CAPTURE_AUTORELEASING = YES;
				CLANG_WARN_BOOL_CONVERSION = YES;
				CLANG_WARN_COMMA = YES;
				CLANG_WARN_CONSTANT_CONVERSION = YES;
				CLANG_WARN_DEPRECATED_OBJC_IMPLEMENTATIONS = YES;
				CLANG_WARN_DIRECT_OBJC_ISA_USAGE = YES_ERROR;
				CLANG_WARN_DOCUMENTATION_COMMENTS = YES;
				CLANG_WARN_EMPTY_BODY = YES;
				CLANG_WARN_ENUM_CONVERSION = YES;
				CLANG_WARN_INFINITE_RECURSION = YES;
				CLANG_WARN_INT_CONVERSION = YES;
				CLANG_WARN_NON_LITERAL_NULL_CONVERSION = YES;
				CLANG_WARN_OBJC_IMPLICIT_RETAIN_SELF = YES;
				CLANG_WARN_OBJC_LITERAL_CONVERSION = YES;
				CLANG_WARN_OBJC_ROOT_CLASS = YES_ERROR;
				CLANG_WARN_QUOTED_INCLUDE_IN_FRAMEWORK_HEADER = YES;
				CLANG_WARN_RANGE_LOOP_ANALYSIS = YES;
				CLANG_WARN_STRICT_PROTOTYPES = YES;
				CLANG_WARN_SUSPICIOUS_MOVE = YES;
				CLANG_WARN_UNGUARDED_AVAILABILITY = YES_AGGRESSIVE;
				CLANG_WARN_UNREACHABLE_CODE = YES;
				CLANG_WARN__DUPLICATE_METHOD_MATCH = YES;
				COPY_PHASE_STRIP = NO;
				DEBUG_INFORMATION_FORMAT = "dwarf-with-dsym";
				ENABLE_NS_ASSERTIONS = NO;
				ENABLE_STRICT_OBJC_MSGSEND = YES;
				ENABLE_USER_SCRIPT_SANDBOXING = YES;
				GCC_C_LANGUAGE_STANDARD = gnu17;
				GCC_NO_COMMON_BLOCKS = YES;
				GCC_WARN_64_TO_32_BIT_CONVERSION = YES;
				GCC_WARN_ABOUT_RETURN_TYPE = YES_ERROR;
				GCC_WARN_UNDECLARED_SELECTOR = YES;
				GCC_WARN_UNINITIALIZED_AUTOS = YES_AGGRESSIVE;
				GCC_WARN_UNUSED_FUNCTION = YES;
				GCC_WARN_UNUSED_VARIABLE = YES;
				IPHONEOS_DEPLOYMENT_TARGET = 17.4;
				LOCALIZATION_PREFERS_STRING_CATALOGS = YES;
				MTL_ENABLE_DEBUG_INFO = NO;
				MTL_FAST_MATH = YES;
				SDKROOT = iphoneos;
				SWIFT_COMPILATION_MODE = wholemodule;
				VALIDATE_PRODUCT = YES;
			};
			name = Release;
		};
		839167C82B9F262E00F7C98B /* Debug */ = {
			isa = XCBuildConfiguration;
			buildSettings = {
				ASSETCATALOG_COMPILER_APPICON_NAME = AppIcon;
				ASSETCATALOG_COMPILER_GLOBAL_ACCENT_COLOR_NAME = AccentColor;
				CODE_SIGN_STYLE = Automatic;
				CURRENT_PROJECT_VERSION = 1;
				DEVELOPMENT_TEAM = Z5GH44G8KH;
				ENABLE_USER_SCRIPT_SANDBOXING = NO;
				GENERATE_INFOPLIST_FILE = YES;
				INFOPLIST_FILE = Dependency/Info.plist;
				INFOPLIST_KEY_UIApplicationSupportsIndirectInputEvents = YES;
				INFOPLIST_KEY_UILaunchStoryboardName = LaunchScreen;
				INFOPLIST_KEY_UIMainStoryboardFile = Main;
				INFOPLIST_KEY_UISupportedInterfaceOrientations_iPad = "UIInterfaceOrientationPortrait UIInterfaceOrientationPortraitUpsideDown UIInterfaceOrientationLandscapeLeft UIInterfaceOrientationLandscapeRight";
				INFOPLIST_KEY_UISupportedInterfaceOrientations_iPhone = "UIInterfaceOrientationPortrait UIInterfaceOrientationLandscapeLeft UIInterfaceOrientationLandscapeRight";
				IPHONEOS_DEPLOYMENT_TARGET = 17.0;
				LD_RUNPATH_SEARCH_PATHS = (
					"$(inherited)",
					"@executable_path/Frameworks",
				);
				MARKETING_VERSION = 1.0;
				PRODUCT_BUNDLE_IDENTIFIER = com.pyarandi.Dependency;
				PRODUCT_NAME = "$(TARGET_NAME)";
				SWIFT_EMIT_LOC_STRINGS = YES;
				SWIFT_VERSION = 5.0;
				TARGETED_DEVICE_FAMILY = "1,2";
			};
			name = Debug;
		};
		839167C92B9F262E00F7C98B /* Release */ = {
			isa = XCBuildConfiguration;
			buildSettings = {
				ASSETCATALOG_COMPILER_APPICON_NAME = AppIcon;
				ASSETCATALOG_COMPILER_GLOBAL_ACCENT_COLOR_NAME = AccentColor;
				CODE_SIGN_STYLE = Automatic;
				CURRENT_PROJECT_VERSION = 1;
				DEVELOPMENT_TEAM = Z5GH44G8KH;
				ENABLE_USER_SCRIPT_SANDBOXING = NO;
				GENERATE_INFOPLIST_FILE = YES;
				INFOPLIST_FILE = Dependency/Info.plist;
				INFOPLIST_KEY_UIApplicationSupportsIndirectInputEvents = YES;
				INFOPLIST_KEY_UILaunchStoryboardName = LaunchScreen;
				INFOPLIST_KEY_UIMainStoryboardFile = Main;
				INFOPLIST_KEY_UISupportedInterfaceOrientations_iPad = "UIInterfaceOrientationPortrait UIInterfaceOrientationPortraitUpsideDown UIInterfaceOrientationLandscapeLeft UIInterfaceOrientationLandscapeRight";
				INFOPLIST_KEY_UISupportedInterfaceOrientations_iPhone = "UIInterfaceOrientationPortrait UIInterfaceOrientationLandscapeLeft UIInterfaceOrientationLandscapeRight";
				IPHONEOS_DEPLOYMENT_TARGET = 17.0;
				LD_RUNPATH_SEARCH_PATHS = (
					"$(inherited)",
					"@executable_path/Frameworks",
				);
				MARKETING_VERSION = 1.0;
				PRODUCT_BUNDLE_IDENTIFIER = com.pyarandi.Dependency;
				PRODUCT_NAME = "$(TARGET_NAME)";
				SWIFT_EMIT_LOC_STRINGS = YES;
				SWIFT_VERSION = 5.0;
				TARGETED_DEVICE_FAMILY = "1,2";
			};
			name = Release;
		};
/* End XCBuildConfiguration section */

/* Begin XCConfigurationList section */
		839167AE2B9F262D00F7C98B /* Build configuration list for PBXProject "Dependency" */ = {
			isa = XCConfigurationList;
			buildConfigurations = (
				839167C52B9F262E00F7C98B /* Debug */,
				839167C62B9F262E00F7C98B /* Release */,
			);
			defaultConfigurationIsVisible = 0;
			defaultConfigurationName = Release;
		};
		839167C72B9F262E00F7C98B /* Build configuration list for PBXNativeTarget "Dependency" */ = {
			isa = XCConfigurationList;
			buildConfigurations = (
				839167C82B9F262E00F7C98B /* Debug */,
				839167C92B9F262E00F7C98B /* Release */,
			);
			defaultConfigurationIsVisible = 0;
			defaultConfigurationName = Release;
		};
/* End XCConfigurationList section */

/* Begin XCLocalSwiftPackageReference section */
		837385D92B9F9C1D00EB2946 /* XCLocalSwiftPackageReference "CoreLibrary" */ = {
			isa = XCLocalSwiftPackageReference;
			relativePath = CoreLibrary;
		};
		92F132122B9F28C90056C002 /* XCLocalSwiftPackageReference "MyLibrary" */ = {
			isa = XCLocalSwiftPackageReference;
			relativePath = MyLibrary;
		};
/* End XCLocalSwiftPackageReference section */

/* Begin XCSwiftPackageProductDependency section */
		837385D52B9F7F9E00EB2946 /* MyLib_Wiring */ = {
			isa = XCSwiftPackageProductDependency;
			package = 92F132122B9F28C90056C002 /* XCLocalSwiftPackageReference "MyLibrary" */;
			productName = MyLib_Wiring;
		};
		837385DC2B9FA07700EB2946 /* CoreLibrary */ = {
			isa = XCSwiftPackageProductDependency;
			package = 837385D92B9F9C1D00EB2946 /* XCLocalSwiftPackageReference "CoreLibrary" */;
			productName = CoreLibrary;
		};
		839167CB2B9F267D00F7C98B /* MyLibrary */ = {
			isa = XCSwiftPackageProductDependency;
			productName = MyLibrary;
		};
		83E35C4A2B9FA102008EB138 /* CoreLibrary_Wiring */ = {
			isa = XCSwiftPackageProductDependency;
			package = 837385D92B9F9C1D00EB2946 /* XCLocalSwiftPackageReference "CoreLibrary" */;
			productName = CoreLibrary_Wiring;
		};
/* End XCSwiftPackageProductDependency section */
	};
	rootObject = 839167AB2B9F262D00F7C98B /* Project object */;
}
